
Microsoft Visual Studio Solution File, Format Version 12.00
# Visual Studio Version 17
VisualStudioVersion = 17.3.32901.215
MinimumVisualStudioVersion = 10.0.40219.1
Project("{FAE04EC0-301F-11D3-BF4B-00C04F79EFBC}") = "Task1", "Task1\Task1.csproj", "{A479EFF1-D1F3-4680-85A1-5E57B07840E6}"
EndProject
Project("{FAE04EC0-301F-11D3-BF4B-00C04F79EFBC}") = "Task2", "Task2\Task2.csproj", "{D38ACAEA-8781-4843-835B-71F2FB1D156E}"
EndProject
Project("{FAE04EC0-301F-11D3-BF4B-00C04F79EFBC}") = "Task3", "Task3\Task3.csproj", "{DCCD8392-39B0-493D-B8E4-BB88EBE03D93}"
EndProject
Global
	GlobalSection(SolutionConfigurationPlatforms) = preSolution
		Debug|Any CPU = Debug|Any CPU
		Release|Any CPU = Release|Any CPU
	EndGlobalSection
	GlobalSection(ProjectConfigurationPlatforms) = postSolution
		{A479EFF1-D1F3-4680-85A1-5E57B07840E6}.Debug|Any CPU.ActiveCfg = Debug|Any CPU
		{A479EFF1-D1F3-4680-85A1-5E57B07840E6}.Debug|Any CPU.Build.0 = Debug|Any CPU
		{A479EFF1-D1F3-4680-85A1-5E57B07840E6}.Release|Any CPU.ActiveCfg = Release|Any CPU
		{A479EFF1-D1F3-4680-85A1-5E57B07840E6}.Release|Any CPU.Build.0 = Release|Any CPU
		{D38ACAEA-8781-4843-835B-71F2FB1D156E}.Debug|Any CPU.ActiveCfg = Debug|Any CPU
		{D38ACAEA-8781-4843-835B-71F2FB1D156E}.Debug|Any CPU.Build.0 = Debug|Any CPU
		{D38ACAEA-8781-4843-835B-71F2FB1D156E}.Release|Any CPU.ActiveCfg = Release|Any CPU
		{D38ACAEA-8781-4843-835B-71F2FB1D156E}.Release|Any CPU.Build.0 = Release|Any CPU
		{DCCD8392-39B0-493D-B8E4-BB88EBE03D93}.Debug|Any CPU.ActiveCfg = Debug|Any CPU
		{DCCD8392-39B0-493D-B8E4-BB88EBE03D93}.Debug|Any CPU.Build.0 = Debug|Any CPU
		{DCCD8392-39B0-493D-B8E4-BB88EBE03D93}.Release|Any CPU.ActiveCfg = Release|Any CPU
		{DCCD8392-39B0-493D-B8E4-BB88EBE03D93}.Release|Any CPU.Build.0 = Release|Any CPU
	EndGlobalSection
	GlobalSection(SolutionProperties) = preSolution
		HideSolutionNode = FALSE
	EndGlobalSection
	GlobalSection(ExtensibilityGlobals) = postSolution
		SolutionGuid = {A52773F1-3A2C-43F5-B541-74610FA7F262}
	EndGlobalSection
EndGlobal
